
Microsoft Visual Studio Solution File, Format Version 11.00
# Visual Studio 2010
Project("{FAE04EC0-301F-11D3-BF4B-00C04F79EFBC}") = "Assembly-CSharp", "Assembly-CSharp.csproj", "{459624fe-da43-264b-724a-5d8b0587150f}"
EndProject
Project("{FAE04EC0-301F-11D3-BF4B-00C04F79EFBC}") = "Assembly-CSharp-Editor", "Assembly-CSharp-Editor.csproj", "{d7a0da3a-f834-21ac-8fe8-d2f21693bb7a}"
EndProject
Global
	GlobalSection(SolutionConfigurationPlatforms) = preSolution
		Debug|Any CPU = Debug|Any CPU
	EndGlobalSection
	GlobalSection(ProjectConfigurationPlatforms) = postSolution
		{459624fe-da43-264b-724a-5d8b0587150f}.Debug|Any CPU.ActiveCfg = Debug|Any CPU
		{459624fe-da43-264b-724a-5d8b0587150f}.Debug|Any CPU.Build.0 = Debug|Any CPU
		{d7a0da3a-f834-21ac-8fe8-d2f21693bb7a}.Debug|Any CPU.ActiveCfg = Debug|Any CPU
		{d7a0da3a-f834-21ac-8fe8-d2f21693bb7a}.Debug|Any CPU.Build.0 = Debug|Any CPU
	EndGlobalSection
	GlobalSection(SolutionProperties) = preSolution
		HideSolutionNode = FALSE
	EndGlobalSection
EndGlobal
